{
  "name": "webbased-academy-creator",
  "version": "0.16.17",
  "lockfileVersion": 3,
  "requires": true,
  "packages": {
    "": {
      "name": "webbased-academy-creator",
      "version": "0.16.17",
      "dependencies": {
        "electron-updater": "^6.6.2"
      },
      "devDependencies": {
        "electron": "^38.0.0",
        "electron-builder": "^26.0.12"
      }
    }
  }
}
