{
  "name": "webbased-academy-creator",
  "version": "0.16.15",
  "lockfileVersion": 3,
  "requires": true,
  "packages": {
    "": {
      "name": "webbased-academy-creator",
      "version": "0.16.15",
      "dependencies": {
        "electron-updater": "^6.6.2"
      },
      "devDependencies": {
        "electron": "^38.0.0",
        "electron-builder": "^26.0.12"
      }
    },
    "node_modules/@electron/asar": {
      "version": "3.4.1",
      "resolved": "https://registry.npmjs.org/@electron/asar/-/asar-3.4.1.tgz",
      "integrity": "sha512-i4/rNPRS84t0vSRa2HorerGRXWyF4vThfHesw0dmcWHp+cspK743UanA0suA5Q5y8kzY2y6YKrvbIUn69BCAiA==",
      "dev": true,
      "license": "MIT",
      "dependencies": {
        "commander": "^5.0.0",
        "glob": "^7.1.6",
        "minimatch": "^3.0.4"
      },
      "bin": {
        "asar": "bin/asar.js"
      },
      "engines": {
        "node": ">=10.12.0"
      }
    },
    "node_modules/@electron/asar/node_modules/balanced-match": {
      "version": "1.0.2",
      "resolved": "https://registry.npmjs.org/@electron/asar/node_modules/balanced-match/-/balanced-match-1.0.2.tgz",
      "integrity": "sha512-3oSeUO0TMV67hN1AmbXsK4yaqU7tjiHlbxRDZOpH0KW9+CeX4bRAaX0Anxt0tx2MrpRpWwQaPwIlISEJhYU5Pw==",
      "dev": true,
      "license": "MIT"
    }
  }
}
